<?xml version="1.0" encoding="utf-8"?>
<Project ToolsVersion="4.0" xmlns="http://schemas.microsoft.com/developer/msbuild/2003">
  <ItemGroup>
    <FxCompile Include="PixelShader.hlsl" />
    <FxCompile Include="VertexShader.hlsl" />
  </ItemGroup>
  <ItemGroup>
    <ClCompile Include="dllmain.cpp">
      <Filter>CPP</Filter>
    </ClCompile>
    <ClCompile Include="DuplicationManager.cpp">
      <Filter>CPP</Filter>
    </ClCompile>
    <ClCompile Include="stdafx.cpp">
      <Filter>CPP</Filter>
    </ClCompile>
    <ClCompile Include="util.cpp">
      <Filter>CPP</Filter>
    </ClCompile>
  </ItemGroup>
  <ItemGroup>
    <ClInclude Include="CommonTypes.h">
      <Filter>Headers</Filter>
    </ClInclude>
    <ClInclude Include="DuplicationManager.h">
      <Filter>Headers</Filter>
    </ClInclude>
    <ClInclude Include="stdafx.h">
      <Filter>Headers</Filter>
    </ClInclude>
    <ClInclude Include="targetver.h">
      <Filter>Headers</Filter>
    </ClInclude>
    <ClInclude Include="util.h">
      <Filter>Headers</Filter>
    </ClInclude>
  </ItemGroup>
  <ItemGroup>
    <None Include="export.def" />
  </ItemGroup>
  <ItemGroup>
    <Text Include="ReadMe.txt" />
  </ItemGroup>
  <ItemGroup>
    <Filter Include="Headers">
      <UniqueIdentifier>{d4ca6419-129a-4460-9e25-bf8f95811d5a}</UniqueIdentifier>
    </Filter>
    <Filter Include="CPP">
      <UniqueIdentifier>{cb00304b-7d84-4c7a-814f-a9ec2a2e48ac}</UniqueIdentifier>
    </Filter>
  </ItemGroup>
</Project>